// !$*UTF8*$!
{
	archiveVersion = 1;
	classes = {
	};
	objectVersion = 55;
	objects = {

/* Begin PBXBuildFile section */
		96507400275C6FA400E8A26B /* NSLayoutConstraint+MASDebugAdditions.m in Sources */ = {isa = PBXBuildFile; fileRef = 965073E8275C6FA400E8A26B /* NSLayoutConstraint+MASDebugAdditions.m */; };
		96507401275C6FA400E8A26B /* ViewController+MASAdditions.m in Sources */ = {isa = PBXBuildFile; fileRef = 965073F1275C6FA400E8A26B /* ViewController+MASAdditions.m */; };
		96507402275C6FA400E8A26B /* MASCompositeConstraint.m in Sources */ = {isa = PBXBuildFile; fileRef = 965073F5275C6FA400E8A26B /* MASCompositeConstraint.m */; };
		96507403275C6FA400E8A26B /* MASConstraintMaker.m in Sources */ = {isa = PBXBuildFile; fileRef = 965073F6275C6FA400E8A26B /* MASConstraintMaker.m */; };
		96507404275C6FA400E8A26B /* MASLayoutConstraint.m in Sources */ = {isa = PBXBuildFile; fileRef = 965073F7275C6FA400E8A26B /* MASLayoutConstraint.m */; };
		96507405275C6FA400E8A26B /* NSArray+MASAdditions.m in Sources */ = {isa = PBXBuildFile; fileRef = 965073F8275C6FA400E8A26B /* NSArray+MASAdditions.m */; };
		96507406275C6FA400E8A26B /* View+MASAdditions.m in Sources */ = {isa = PBXBuildFile; fileRef = 965073F9275C6FA400E8A26B /* View+MASAdditions.m */; };
		96507407275C6FA400E8A26B /* MASConstraint.m in Sources */ = {isa = PBXBuildFile; fileRef = 965073FC275C6FA400E8A26B /* MASConstraint.m */; };
		96507408275C6FA400E8A26B /* MASViewConstraint.m in Sources */ = {isa = PBXBuildFile; fileRef = 965073FE275C6FA400E8A26B /* MASViewConstraint.m */; };
		96507409275C6FA400E8A26B /* MASViewAttribute.m in Sources */ = {isa = PBXBuildFile; fileRef = 965073FF275C6FA400E8A26B /* MASViewAttribute.m */; };
		9650747E275C73D100E8A26B /* CGMetalCustomView.m in Sources */ = {isa = PBXBuildFile; fileRef = 9650747D275C73D100E8A26B /* CGMetalCustomView.m */; };
		9667C94E283B3F9400B2B4AA /* CGMetalMac.framework in Frameworks */ = {isa = PBXBuildFile; fileRef = 9667C94D283B3F9400B2B4AA /* CGMetalMac.framework */; };
		9667C94F283B3F9400B2B4AA /* CGMetalMac.framework in Embed Frameworks */ = {isa = PBXBuildFile; fileRef = 9667C94D283B3F9400B2B4AA /* CGMetalMac.framework */; settings = {ATTRIBUTES = (CodeSignOnCopy, RemoveHeadersOnCopy, ); }; };
		969E8D7127770DF800EFD90F /* rgba8_1125x1125.rgba in Resources */ = {isa = PBXBuildFile; fileRef = 969E8D7027770DF800EFD90F /* rgba8_1125x1125.rgba */; };
		96E233D52758691C00CB1336 /* AppDelegate.m in Sources */ = {isa = PBXBuildFile; fileRef = 96E233D42758691C00CB1336 /* AppDelegate.m */; };
		96E233D82758691C00CB1336 /* ViewController.m in Sources */ = {isa = PBXBuildFile; fileRef = 96E233D72758691C00CB1336 /* ViewController.m */; };
		96E233DA2758691E00CB1336 /* Assets.xcassets in Resources */ = {isa = PBXBuildFile; fileRef = 96E233D92758691E00CB1336 /* Assets.xcassets */; };
		96E233DD2758691E00CB1336 /* Main.storyboard in Resources */ = {isa = PBXBuildFile; fileRef = 96E233DB2758691E00CB1336 /* Main.storyboard */; };
		96E233DF2758691E00CB1336 /* main.m in Sources */ = {isa = PBXBuildFile; fileRef = 96E233DE2758691E00CB1336 /* main.m */; };
/* End PBXBuildFile section */

/* Begin PBXCopyFilesBuildPhase section */
		9667C950283B3F9400B2B4AA /* Embed Frameworks */ = {
			isa = PBXCopyFilesBuildPhase;
			buildActionMask = 2147483647;
			dstPath = "";
			dstSubfolderSpec = 10;
			files = (
				9667C94F283B3F9400B2B4AA /* CGMetalMac.framework in Embed Frameworks */,
			);
			name = "Embed Frameworks";
			runOnlyForDeploymentPostprocessing = 0;
		};
/* End PBXCopyFilesBuildPhase section */

/* Begin PBXFileReference section */
		965073E7275C6FA400E8A26B /* MASCompositeConstraint.h */ = {isa = PBXFileReference; fileEncoding = 4; lastKnownFileType = sourcecode.c.h; path = MASCompositeConstraint.h; sourceTree = "<group>"; };
		965073E8275C6FA400E8A26B /* NSLayoutConstraint+MASDebugAdditions.m */ = {isa = PBXFileReference; fileEncoding = 4; lastKnownFileType = sourcecode.c.objc; path = "NSLayoutConstraint+MASDebugAdditions.m"; sourceTree = "<group>"; };
		965073E9275C6FA400E8A26B /* MASConstraint+Private.h */ = {isa = PBXFileReference; fileEncoding = 4; lastKnownFileType = sourcecode.c.h; path = "MASConstraint+Private.h"; sourceTree = "<group>"; };
		965073EA275C6FA400E8A26B /* MASLayoutConstraint.h */ = {isa = PBXFileReference; fileEncoding = 4; lastKnownFileType = sourcecode.c.h; path = MASLayoutConstraint.h; sourceTree = "<group>"; };
		965073EB275C6FA400E8A26B /* NSArray+MASShorthandAdditions.h */ = {isa = PBXFileReference; fileEncoding = 4; lastKnownFileType = sourcecode.c.h; path = "NSArray+MASShorthandAdditions.h"; sourceTree = "<group>"; };
		965073EC275C6FA400E8A26B /* MASConstraintMaker.h */ = {isa = PBXFileReference; fileEncoding = 4; lastKnownFileType = sourcecode.c.h; path = MASConstraintMaker.h; sourceTree = "<group>"; };
		965073ED275C6FA400E8A26B /* View+MASAdditions.h */ = {isa = PBXFileReference; fileEncoding = 4; lastKnownFileType = sourcecode.c.h; path = "View+MASAdditions.h"; sourceTree = "<group>"; };
		965073EE275C6FA400E8A26B /* NSArray+MASAdditions.h */ = {isa = PBXFileReference; fileEncoding = 4; lastKnownFileType = sourcecode.c.h; path = "NSArray+MASAdditions.h"; sourceTree = "<group>"; };
		965073EF275C6FA400E8A26B /* MASUtilities.h */ = {isa = PBXFileReference; fileEncoding = 4; lastKnownFileType = sourcecode.c.h; path = MASUtilities.h; sourceTree = "<group>"; };
		965073F0275C6FA400E8A26B /* MASViewAttribute.h */ = {isa = PBXFileReference; fileEncoding = 4; lastKnownFileType = sourcecode.c.h; path = MASViewAttribute.h; sourceTree = "<group>"; };
		965073F1275C6FA400E8A26B /* ViewController+MASAdditions.m */ = {isa = PBXFileReference; fileEncoding = 4; lastKnownFileType = sourcecode.c.objc; path = "ViewController+MASAdditions.m"; sourceTree = "<group>"; };
		965073F2275C6FA400E8A26B /* MASViewConstraint.h */ = {isa = PBXFileReference; fileEncoding = 4; lastKnownFileType = sourcecode.c.h; path = MASViewConstraint.h; sourceTree = "<group>"; };
		965073F3275C6FA400E8A26B /* MASConstraint.h */ = {isa = PBXFileReference; fileEncoding = 4; lastKnownFileType = sourcecode.c.h; path = MASConstraint.h; sourceTree = "<group>"; };
		965073F4275C6FA400E8A26B /* NSLayoutConstraint+MASDebugAdditions.h */ = {isa = PBXFileReference; fileEncoding = 4; lastKnownFileType = sourcecode.c.h; path = "NSLayoutConstraint+MASDebugAdditions.h"; sourceTree = "<group>"; };
		965073F5275C6FA400E8A26B /* MASCompositeConstraint.m */ = {isa = PBXFileReference; fileEncoding = 4; lastKnownFileType = sourcecode.c.objc; path = MASCompositeConstraint.m; sourceTree = "<group>"; };
		965073F6275C6FA400E8A26B /* MASConstraintMaker.m */ = {isa = PBXFileReference; fileEncoding = 4; lastKnownFileType = sourcecode.c.objc; path = MASConstraintMaker.m; sourceTree = "<group>"; };
		965073F7275C6FA400E8A26B /* MASLayoutConstraint.m */ = {isa = PBXFileReference; fileEncoding = 4; lastKnownFileType = sourcecode.c.objc; path = MASLayoutConstraint.m; sourceTree = "<group>"; };
		965073F8275C6FA400E8A26B /* NSArray+MASAdditions.m */ = {isa = PBXFileReference; fileEncoding = 4; lastKnownFileType = sourcecode.c.objc; path = "NSArray+MASAdditions.m"; sourceTree = "<group>"; };
		965073F9275C6FA400E8A26B /* View+MASAdditions.m */ = {isa = PBXFileReference; fileEncoding = 4; lastKnownFileType = sourcecode.c.objc; path = "View+MASAdditions.m"; sourceTree = "<group>"; };
		965073FA275C6FA400E8A26B /* View+MASShorthandAdditions.h */ = {isa = PBXFileReference; fileEncoding = 4; lastKnownFileType = sourcecode.c.h; path = "View+MASShorthandAdditions.h"; sourceTree = "<group>"; };
		965073FB275C6FA400E8A26B /* Masonry.h */ = {isa = PBXFileReference; fileEncoding = 4; lastKnownFileType = sourcecode.c.h; path = Masonry.h; sourceTree = "<group>"; };
		965073FC275C6FA400E8A26B /* MASConstraint.m */ = {isa = PBXFileReference; fileEncoding = 4; lastKnownFileType = sourcecode.c.objc; path = MASConstraint.m; sourceTree = "<group>"; };
		965073FD275C6FA400E8A26B /* ViewController+MASAdditions.h */ = {isa = PBXFileReference; fileEncoding = 4; lastKnownFileType = sourcecode.c.h; path = "ViewController+MASAdditions.h"; sourceTree = "<group>"; };
		965073FE275C6FA400E8A26B /* MASViewConstraint.m */ = {isa = PBXFileReference; fileEncoding = 4; lastKnownFileType = sourcecode.c.objc; path = MASViewConstraint.m; sourceTree = "<group>"; };
		965073FF275C6FA400E8A26B /* MASViewAttribute.m */ = {isa = PBXFileReference; fileEncoding = 4; lastKnownFileType = sourcecode.c.objc; path = MASViewAttribute.m; sourceTree = "<group>"; };
		9650747C275C73D100E8A26B /* CGMetalCustomView.h */ = {isa = PBXFileReference; lastKnownFileType = sourcecode.c.h; path = CGMetalCustomView.h; sourceTree = "<group>"; };
		9650747D275C73D100E8A26B /* CGMetalCustomView.m */ = {isa = PBXFileReference; lastKnownFileType = sourcecode.c.objc; path = CGMetalCustomView.m; sourceTree = "<group>"; };
		9667C94D283B3F9400B2B4AA /* CGMetalMac.framework */ = {isa = PBXFileReference; explicitFileType = wrapper.framework; path = CGMetalMac.framework; sourceTree = BUILT_PRODUCTS_DIR; };
		969E8D7027770DF800EFD90F /* rgba8_1125x1125.rgba */ = {isa = PBXFileReference; fileEncoding = 4; lastKnownFileType = text; name = rgba8_1125x1125.rgba; path = ../../CGMetaliOS/CGMetaliOS/Resources/rgba8_1125x1125.rgba; sourceTree = "<group>"; };
		96E233D02758691C00CB1336 /* MetalMac.app */ = {isa = PBXFileReference; explicitFileType = wrapper.application; includeInIndex = 0; path = MetalMac.app; sourceTree = BUILT_PRODUCTS_DIR; };
		96E233D32758691C00CB1336 /* AppDelegate.h */ = {isa = PBXFileReference; lastKnownFileType = sourcecode.c.h; path = AppDelegate.h; sourceTree = "<group>"; };
		96E233D42758691C00CB1336 /* AppDelegate.m */ = {isa = PBXFileReference; lastKnownFileType = sourcecode.c.objc; path = AppDelegate.m; sourceTree = "<group>"; };
		96E233D62758691C00CB1336 /* ViewController.h */ = {isa = PBXFileReference; lastKnownFileType = sourcecode.c.h; path = ViewController.h; sourceTree = "<group>"; };
		96E233D72758691C00CB1336 /* ViewController.m */ = {isa = PBXFileReference; lastKnownFileType = sourcecode.c.objc; path = ViewController.m; sourceTree = "<group>"; };
		96E233D92758691E00CB1336 /* Assets.xcassets */ = {isa = PBXFileReference; lastKnownFileType = folder.assetcatalog; path = Assets.xcassets; sourceTree = "<group>"; };
		96E233DC2758691E00CB1336 /* Base */ = {isa = PBXFileReference; lastKnownFileType = file.storyboard; name = Base; path = Base.lproj/Main.storyboard; sourceTree = "<group>"; };
		96E233DE2758691E00CB1336 /* main.m */ = {isa = PBXFileReference; lastKnownFileType = sourcecode.c.objc; path = main.m; sourceTree = "<group>"; };
		96E233E02758691E00CB1336 /* CGMetalMac.entitlements */ = {isa = PBXFileReference; lastKnownFileType = text.plist.entitlements; path = CGMetalMac.entitlements; sourceTree = "<group>"; };
/* End PBXFileReference section */

/* Begin PBXFrameworksBuildPhase section */
		96E233CD2758691C00CB1336 /* Frameworks */ = {
			isa = PBXFrameworksBuildPhase;
			buildActionMask = 2147483647;
			files = (
				9667C94E283B3F9400B2B4AA /* CGMetalMac.framework in Frameworks */,
			);
			runOnlyForDeploymentPostprocessing = 0;
		};
/* End PBXFrameworksBuildPhase section */

/* Begin PBXGroup section */
		965073E6275C6FA400E8A26B /* Masonry */ = {
			isa = PBXGroup;
			children = (
				965073E7275C6FA400E8A26B /* MASCompositeConstraint.h */,
				965073E8275C6FA400E8A26B /* NSLayoutConstraint+MASDebugAdditions.m */,
				965073E9275C6FA400E8A26B /* MASConstraint+Private.h */,
				965073EA275C6FA400E8A26B /* MASLayoutConstraint.h */,
				965073EB275C6FA400E8A26B /* NSArray+MASShorthandAdditions.h */,
				965073EC275C6FA400E8A26B /* MASConstraintMaker.h */,
				965073ED275C6FA400E8A26B /* View+MASAdditions.h */,
				965073EE275C6FA400E8A26B /* NSArray+MASAdditions.h */,
				965073EF275C6FA400E8A26B /* MASUtilities.h */,
				965073F0275C6FA400E8A26B /* MASViewAttribute.h */,
				965073F1275C6FA400E8A26B /* ViewController+MASAdditions.m */,
				965073F2275C6FA400E8A26B /* MASViewConstraint.h */,
				965073F3275C6FA400E8A26B /* MASConstraint.h */,
				965073F4275C6FA400E8A26B /* NSLayoutConstraint+MASDebugAdditions.h */,
				965073F5275C6FA400E8A26B /* MASCompositeConstraint.m */,
				965073F6275C6FA400E8A26B /* MASConstraintMaker.m */,
				965073F7275C6FA400E8A26B /* MASLayoutConstraint.m */,
				965073F8275C6FA400E8A26B /* NSArray+MASAdditions.m */,
				965073F9275C6FA400E8A26B /* View+MASAdditions.m */,
				965073FA275C6FA400E8A26B /* View+MASShorthandAdditions.h */,
				965073FB275C6FA400E8A26B /* Masonry.h */,
				965073FC275C6FA400E8A26B /* MASConstraint.m */,
				965073FD275C6FA400E8A26B /* ViewController+MASAdditions.h */,
				965073FE275C6FA400E8A26B /* MASViewConstraint.m */,
				965073FF275C6FA400E8A26B /* MASViewAttribute.m */,
			);
			path = Masonry;
			sourceTree = "<group>";
		};
		969E8A5A27758F0900EFD90F /* Frameworks */ = {
			isa = PBXGroup;
			children = (
				9667C94D283B3F9400B2B4AA /* CGMetalMac.framework */,
			);
			name = Frameworks;
			sourceTree = "<group>";
		};
		96E233C72758691C00CB1336 = {
			isa = PBXGroup;
			children = (
				96E233D22758691C00CB1336 /* CGMetalMac */,
				96E233D12758691C00CB1336 /* Products */,
				969E8A5A27758F0900EFD90F /* Frameworks */,
			);
			sourceTree = "<group>";
		};
		96E233D12758691C00CB1336 /* Products */ = {
			isa = PBXGroup;
			children = (
				96E233D02758691C00CB1336 /* MetalMac.app */,
			);
			name = Products;
			sourceTree = "<group>";
		};
		96E233D22758691C00CB1336 /* CGMetalMac */ = {
			isa = PBXGroup;
			children = (
				969E8D7027770DF800EFD90F /* rgba8_1125x1125.rgba */,
				965073E6275C6FA400E8A26B /* Masonry */,
				96E2355E27586E6E00CB1336 /* Example */,
				96E233D32758691C00CB1336 /* AppDelegate.h */,
				96E233D42758691C00CB1336 /* AppDelegate.m */,
				96E233DB2758691E00CB1336 /* Main.storyboard */,
				96E233D92758691E00CB1336 /* Assets.xcassets */,
				96E233DE2758691E00CB1336 /* main.m */,
				96E233E02758691E00CB1336 /* CGMetalMac.entitlements */,
			);
			path = CGMetalMac;
			sourceTree = "<group>";
		};
		96E2355E27586E6E00CB1336 /* Example */ = {
			isa = PBXGroup;
			children = (
				96E233D62758691C00CB1336 /* ViewController.h */,
				96E233D72758691C00CB1336 /* ViewController.m */,
				9650747C275C73D100E8A26B /* CGMetalCustomView.h */,
				9650747D275C73D100E8A26B /* CGMetalCustomView.m */,
			);
			path = Example;
			sourceTree = "<group>";
		};
/* End PBXGroup section */

/* Begin PBXNativeTarget section */
		96E233CF2758691C00CB1336 /* MetalMac */ = {
			isa = PBXNativeTarget;
			buildConfigurationList = 96E233E32758691E00CB1336 /* Build configuration list for PBXNativeTarget "MetalMac" */;
			buildPhases = (
				96E233CC2758691C00CB1336 /* Sources */,
				96E233CD2758691C00CB1336 /* Frameworks */,
				96E233CE2758691C00CB1336 /* Resources */,
				9667C950283B3F9400B2B4AA /* Embed Frameworks */,
			);
			buildRules = (
			);
			dependencies = (
			);
			name = MetalMac;
			productName = CGMetalMac;
			productReference = 96E233D02758691C00CB1336 /* MetalMac.app */;
			productType = "com.apple.product-type.application";
		};
/* End PBXNativeTarget section */

/* Begin PBXProject section */
		96E233C82758691C00CB1336 /* Project object */ = {
			isa = PBXProject;
			attributes = {
				BuildIndependentTargetsInParallel = 1;
				CLASSPREFIX = CGMetal;
				LastUpgradeCheck = 1340;
				ORGANIZATIONNAME = com.metal.Jason;
				TargetAttributes = {
					96E233CF2758691C00CB1336 = {
						CreatedOnToolsVersion = 13.2;
					};
				};
			};
			buildConfigurationList = 96E233CB2758691C00CB1336 /* Build configuration list for PBXProject "MetalMac" */;
			compatibilityVersion = "Xcode 13.0";
			developmentRegion = en;
			hasScannedForEncodings = 0;
			knownRegions = (
				en,
				Base,
			);
			mainGroup = 96E233C72758691C00CB1336;
			productRefGroup = 96E233D12758691C00CB1336 /* Products */;
			projectDirPath = "";
			projectRoot = "";
			targets = (
				96E233CF2758691C00CB1336 /* MetalMac */,
			);
		};
/* End PBXProject section */

/* Begin PBXResourcesBuildPhase section */
		96E233CE2758691C00CB1336 /* Resources */ = {
			isa = PBXResourcesBuildPhase;
			buildActionMask = 2147483647;
			files = (
				96E233DA2758691E00CB1336 /* Assets.xcassets in Resources */,
				96E233DD2758691E00CB1336 /* Main.storyboard in Resources */,
				969E8D7127770DF800EFD90F /* rgba8_1125x1125.rgba in Resources */,
			);
			runOnlyForDeploymentPostprocessing = 0;
		};
/* End PBXResourcesBuildPhase section */

/* Begin PBXSourcesBuildPhase section */
		96E233CC2758691C00CB1336 /* Sources */ = {
			isa = PBXSourcesBuildPhase;
			buildActionMask = 2147483647;
			files = (
				9650747E275C73D100E8A26B /* CGMetalCustomView.m in Sources */,
				96507400275C6FA400E8A26B /* NSLayoutConstraint+MASDebugAdditions.m in Sources */,
				96507405275C6FA400E8A26B /* NSArray+MASAdditions.m in Sources */,
				96507407275C6FA400E8A26B /* MASConstraint.m in Sources */,
				96507409275C6FA400E8A26B /* MASViewAttribute.m in Sources */,
				96507408275C6FA400E8A26B /* MASViewConstraint.m in Sources */,
				96507406275C6FA400E8A26B /* View+MASAdditions.m in Sources */,
				96507402275C6FA400E8A26B /* MASCompositeConstraint.m in Sources */,
				96E233D82758691C00CB1336 /* ViewController.m in Sources */,
				96507404275C6FA400E8A26B /* MASLayoutConstraint.m in Sources */,
				96E233DF2758691E00CB1336 /* main.m in Sources */,
				96507403275C6FA400E8A26B /* MASConstraintMaker.m in Sources */,
				96E233D52758691C00CB1336 /* AppDelegate.m in Sources */,
				96507401275C6FA400E8A26B /* ViewController+MASAdditions.m in Sources */,
			);
			runOnlyForDeploymentPostprocessing = 0;
		};
/* End PBXSourcesBuildPhase section */

/* Begin PBXVariantGroup section */
		96E233DB2758691E00CB1336 /* Main.storyboard */ = {
			isa = PBXVariantGroup;
			children = (
				96E233DC2758691E00CB1336 /* Base */,
			);
			name = Main.storyboard;
			sourceTree = "<group>";
		};
/* End PBXVariantGroup section */

/* Begin XCBuildConfiguration section */
		96E233E12758691E00CB1336 /* Debug */ = {
			isa = XCBuildConfiguration;
			buildSettings = {
				ALWAYS_SEARCH_USER_PATHS = NO;
				CLANG_ANALYZER_NONNULL = YES;
				CLANG_ANALYZER_NUMBER_OBJECT_CONVERSION = YES_AGGRESSIVE;
				CLANG_CXX_LANGUAGE_STANDARD = "gnu++17";
				CLANG_CXX_LIBRARY = "libc++";
				CLANG_ENABLE_MODULES = YES;
				CLANG_ENABLE_OBJC_ARC = YES;
				CLANG_ENABLE_OBJC_WEAK = YES;
				CLANG_WARN_BLOCK_CAPTURE_AUTORELEASING = YES;
				CLANG_WARN_BOOL_CONVERSION = YES;
				CLANG_WARN_COMMA = YES;
				CLANG_WARN_CONSTANT_CONVERSION = YES;
				CLANG_WARN_DEPRECATED_OBJC_IMPLEMENTATIONS = YES;
				CLANG_WARN_DIRECT_OBJC_ISA_USAGE = YES_ERROR;
				CLANG_WARN_DOCUMENTATION_COMMENTS = YES;
				CLANG_WARN_EMPTY_BODY = YES;
				CLANG_WARN_ENUM_CONVERSION = YES;
				CLANG_WARN_INFINITE_RECURSION = YES;
				CLANG_WARN_INT_CONVERSION = YES;
				CLANG_WARN_NON_LITERAL_NULL_CONVERSION = YES;
				CLANG_WARN_OBJC_IMPLICIT_RETAIN_SELF = YES;
				CLANG_WARN_OBJC_LITERAL_CONVERSION = YES;
				CLANG_WARN_OBJC_ROOT_CLASS = YES_ERROR;
				CLANG_WARN_QUOTED_INCLUDE_IN_FRAMEWORK_HEADER = YES;
				CLANG_WARN_RANGE_LOOP_ANALYSIS = YES;
				CLANG_WARN_STRICT_PROTOTYPES = YES;
				CLANG_WARN_SUSPICIOUS_MOVE = YES;
				CLANG_WARN_UNGUARDED_AVAILABILITY = YES_AGGRESSIVE;
				CLANG_WARN_UNREACHABLE_CODE = YES;
				CLANG_WARN__DUPLICATE_METHOD_MATCH = YES;
				COPY_PHASE_STRIP = NO;
				DEBUG_INFORMATION_FORMAT = dwarf;
				ENABLE_STRICT_OBJC_MSGSEND = YES;
				ENABLE_TESTABILITY = YES;
				GCC_C_LANGUAGE_STANDARD = gnu11;
				GCC_DYNAMIC_NO_PIC = NO;
				GCC_NO_COMMON_BLOCKS = YES;
				GCC_OPTIMIZATION_LEVEL = 0;
				GCC_PREPROCESSOR_DEFINITIONS = (
					"DEBUG=1",
					"$(inherited)",
				);
				GCC_WARN_64_TO_32_BIT_CONVERSION = YES;
				GCC_WARN_ABOUT_RETURN_TYPE = YES_ERROR;
				GCC_WARN_UNDECLARED_SELECTOR = YES;
				GCC_WARN_UNINITIALIZED_AUTOS = YES_AGGRESSIVE;
				GCC_WARN_UNUSED_FUNCTION = YES;
				GCC_WARN_UNUSED_VARIABLE = YES;
				MACOSX_DEPLOYMENT_TARGET = 12.0;
				MTL_ENABLE_DEBUG_INFO = INCLUDE_SOURCE;
				MTL_FAST_MATH = YES;
				ONLY_ACTIVE_ARCH = YES;
				SDKROOT = macosx;
			};
			name = Debug;
		};
		96E233E22758691E00CB1336 /* Release */ = {
			isa = XCBuildConfiguration;
			buildSettings = {
				ALWAYS_SEARCH_USER_PATHS = NO;
				CLANG_ANALYZER_NONNULL = YES;
				CLANG_ANALYZER_NUMBER_OBJECT_CONVERSION = YES_AGGRESSIVE;
				CLANG_CXX_LANGUAGE_STANDARD = "gnu++17";
				CLANG_CXX_LIBRARY = "libc++";
				CLANG_ENABLE_MODULES = YES;
				CLANG_ENABLE_OBJC_ARC = YES;
				CLANG_ENABLE_OBJC_WEAK = YES;
				CLANG_WARN_BLOCK_CAPTURE_AUTORELEASING = YES;
				CLANG_WARN_BOOL_CONVERSION = YES;
				CLANG_WARN_COMMA = YES;
				CLANG_WARN_CONSTANT_CONVERSION = YES;
				CLANG_WARN_DEPRECATED_OBJC_IMPLEMENTATIONS = YES;
				CLANG_WARN_DIRECT_OBJC_ISA_USAGE = YES_ERROR;
				CLANG_WARN_DOCUMENTATION_COMMENTS = YES;
				CLANG_WARN_EMPTY_BODY = YES;
				CLANG_WARN_ENUM_CONVERSION = YES;
				CLANG_WARN_INFINITE_RECURSION = YES;
				CLANG_WARN_INT_CONVERSION = YES;
				CLANG_WARN_NON_LITERAL_NULL_CONVERSION = YES;
				CLANG_WARN_OBJC_IMPLICIT_RETAIN_SELF = YES;
				CLANG_WARN_OBJC_LITERAL_CONVERSION = YES;
				CLANG_WARN_OBJC_ROOT_CLASS = YES_ERROR;
				CLANG_WARN_QUOTED_INCLUDE_IN_FRAMEWORK_HEADER = YES;
				CLANG_WARN_RANGE_LOOP_ANALYSIS = YES;
				CLANG_WARN_STRICT_PROTOTYPES = YES;
				CLANG_WARN_SUSPICIOUS_MOVE = YES;
				CLANG_WARN_UNGUARDED_AVAILABILITY = YES_AGGRESSIVE;
				CLANG_WARN_UNREACHABLE_CODE = YES;
				CLANG_WARN__DUPLICATE_METHOD_MATCH = YES;
				COPY_PHASE_STRIP = NO;
				DEBUG_INFORMATION_FORMAT = "dwarf-with-dsym";
				ENABLE_NS_ASSERTIONS = NO;
				ENABLE_STRICT_OBJC_MSGSEND = YES;
				GCC_C_LANGUAGE_STANDARD = gnu11;
				GCC_NO_COMMON_BLOCKS = YES;
				GCC_WARN_64_TO_32_BIT_CONVERSION = YES;
				GCC_WARN_ABOUT_RETURN_TYPE = YES_ERROR;
				GCC_WARN_UNDECLARED_SELECTOR = YES;
				GCC_WARN_UNINITIALIZED_AUTOS = YES_AGGRESSIVE;
				GCC_WARN_UNUSED_FUNCTION = YES;
				GCC_WARN_UNUSED_VARIABLE = YES;
				MACOSX_DEPLOYMENT_TARGET = 12.0;
				MTL_ENABLE_DEBUG_INFO = NO;
				MTL_FAST_MATH = YES;
				SDKROOT = macosx;
			};
			name = Release;
		};
		96E233E42758691E00CB1336 /* Debug */ = {
			isa = XCBuildConfiguration;
			buildSettings = {
				ASSETCATALOG_COMPILER_APPICON_NAME = AppIcon;
				ASSETCATALOG_COMPILER_GLOBAL_ACCENT_COLOR_NAME = AccentColor;
				CLANG_WARN_MISSING_NOESCAPE = NO;
				CLANG_WARN_QUOTED_INCLUDE_IN_FRAMEWORK_HEADER = NO;
				CODE_SIGN_ENTITLEMENTS = CGMetalMac/CGMetalMac.entitlements;
				CODE_SIGN_IDENTITY = "-";
				CODE_SIGN_STYLE = Automatic;
				COMBINE_HIDPI_IMAGES = YES;
				CURRENT_PROJECT_VERSION = 1;
				DEVELOPMENT_TEAM = 9ZSR9Q37TC;
				GENERATE_INFOPLIST_FILE = YES;
				INFOPLIST_KEY_NSHumanReadableCopyright = "";
				INFOPLIST_KEY_NSMainStoryboardFile = Main;
				INFOPLIST_KEY_NSPrincipalClass = NSApplication;
				LD_RUNPATH_SEARCH_PATHS = (
					"$(inherited)",
					"@executable_path/../Frameworks",
				);
				MACOSX_DEPLOYMENT_TARGET = 10.15;
				MARKETING_VERSION = 1.0;
				PRODUCT_BUNDLE_IDENTIFIER = com.jason.metal;
				PRODUCT_NAME = "$(TARGET_NAME)";
				SWIFT_EMIT_LOC_STRINGS = YES;
			};
			name = Debug;
		};
		96E233E52758691E00CB1336 /* Release */ = {
			isa = XCBuildConfiguration;
			buildSettings = {
				ASSETCATALOG_COMPILER_APPICON_NAME = AppIcon;
				ASSETCATALOG_COMPILER_GLOBAL_ACCENT_COLOR_NAME = AccentColor;
				CLANG_WARN_MISSING_NOESCAPE = NO;
				CLANG_WARN_QUOTED_INCLUDE_IN_FRAMEWORK_HEADER = NO;
				CODE_SIGN_ENTITLEMENTS = CGMetalMac/CGMetalMac.entitlements;
				CODE_SIGN_IDENTITY = "-";
				CODE_SIGN_STYLE = Automatic;
				COMBINE_HIDPI_IMAGES = YES;
				CURRENT_PROJECT_VERSION = 1;
				DEVELOPMENT_TEAM = 9ZSR9Q37TC;
				GENERATE_INFOPLIST_FILE = YES;
				INFOPLIST_KEY_NSHumanReadableCopyright = "";
				INFOPLIST_KEY_NSMainStoryboardFile = Main;
				INFOPLIST_KEY_NSPrincipalClass = NSApplication;
				LD_RUNPATH_SEARCH_PATHS = (
					"$(inherited)",
					"@executable_path/../Frameworks",
				);
				MACOSX_DEPLOYMENT_TARGET = 10.15;
				MARKETING_VERSION = 1.0;
				PRODUCT_BUNDLE_IDENTIFIER = com.jason.metal;
				PRODUCT_NAME = "$(TARGET_NAME)";
				SWIFT_EMIT_LOC_STRINGS = YES;
			};
			name = Release;
		};
/* End XCBuildConfiguration section */

/* Begin XCConfigurationList section */
		96E233CB2758691C00CB1336 /* Build configuration list for PBXProject "MetalMac" */ = {
			isa = XCConfigurationList;
			buildConfigurations = (
				96E233E12758691E00CB1336 /* Debug */,
				96E233E22758691E00CB1336 /* Release */,
			);
			defaultConfigurationIsVisible = 0;
			defaultConfigurationName = Release;
		};
		96E233E32758691E00CB1336 /* Build configuration list for PBXNativeTarget "MetalMac" */ = {
			isa = XCConfigurationList;
			buildConfigurations = (
				96E233E42758691E00CB1336 /* Debug */,
				96E233E52758691E00CB1336 /* Release */,
			);
			defaultConfigurationIsVisible = 0;
			defaultConfigurationName = Release;
		};
/* End XCConfigurationList section */
	};
	rootObject = 96E233C82758691C00CB1336 /* Project object */;
}
